
Microsoft Visual Studio Solution File, Format Version 12.00
# Visual Studio Version 17
VisualStudioVersion = 17.8.34408.163
MinimumVisualStudioVersion = 10.0.40219.1
Project("{9A19103F-16F7-4668-BE54-9A1E7A4F7556}") = "CovarianceContravariance", "CovarianceContravariance\CovarianceContravariance.csproj", "{1D8BA240-94DC-4CAF-B38C-2355D3060193}"
EndProject
Project("{9A19103F-16F7-4668-BE54-9A1E7A4F7556}") = "Cache", "Cache\Cache.csproj", "{CA388145-AF81-4341-9D3F-1C9E323CF3B0}"
EndProject
Project("{9A19103F-16F7-4668-BE54-9A1E7A4F7556}") = "Iterator", "Iterator\Iterator.csproj", "{BBAEA0C1-10F1-4155-9B55-115C0839EFEB}"
EndProject
Project("{FAE04EC0-301F-11D3-BF4B-00C04F79EFBC}") = "DelegatesAndEvents", "DelegatesAndEvents\DelegatesAndEvents.csproj", "{9768C00E-B783-425F-977E-65AC839797CF}"
EndProject
Project("{2150E333-8FDC-42A3-9474-1A3956D46DE8}") = "Solution Items", "Solution Items", "{1BABB98C-C540-4080-BBBE-4D2BB67EDB52}"
	ProjectSection(SolutionItems) = preProject
		.gitignore = .gitignore
	EndProjectSection
EndProject
Global
	GlobalSection(SolutionConfigurationPlatforms) = preSolution
		Debug|Any CPU = Debug|Any CPU
		Release|Any CPU = Release|Any CPU
	EndGlobalSection
	GlobalSection(ProjectConfigurationPlatforms) = postSolution
		{1D8BA240-94DC-4CAF-B38C-2355D3060193}.Debug|Any CPU.ActiveCfg = Debug|Any CPU
		{1D8BA240-94DC-4CAF-B38C-2355D3060193}.Debug|Any CPU.Build.0 = Debug|Any CPU
		{1D8BA240-94DC-4CAF-B38C-2355D3060193}.Release|Any CPU.ActiveCfg = Release|Any CPU
		{1D8BA240-94DC-4CAF-B38C-2355D3060193}.Release|Any CPU.Build.0 = Release|Any CPU
		{CA388145-AF81-4341-9D3F-1C9E323CF3B0}.Debug|Any CPU.ActiveCfg = Debug|Any CPU
		{CA388145-AF81-4341-9D3F-1C9E323CF3B0}.Debug|Any CPU.Build.0 = Debug|Any CPU
		{CA388145-AF81-4341-9D3F-1C9E323CF3B0}.Release|Any CPU.ActiveCfg = Release|Any CPU
		{CA388145-AF81-4341-9D3F-1C9E323CF3B0}.Release|Any CPU.Build.0 = Release|Any CPU
		{BBAEA0C1-10F1-4155-9B55-115C0839EFEB}.Debug|Any CPU.ActiveCfg = Debug|Any CPU
		{BBAEA0C1-10F1-4155-9B55-115C0839EFEB}.Debug|Any CPU.Build.0 = Debug|Any CPU
		{BBAEA0C1-10F1-4155-9B55-115C0839EFEB}.Release|Any CPU.ActiveCfg = Release|Any CPU
		{BBAEA0C1-10F1-4155-9B55-115C0839EFEB}.Release|Any CPU.Build.0 = Release|Any CPU
		{9768C00E-B783-425F-977E-65AC839797CF}.Debug|Any CPU.ActiveCfg = Debug|Any CPU
		{9768C00E-B783-425F-977E-65AC839797CF}.Debug|Any CPU.Build.0 = Debug|Any CPU
		{9768C00E-B783-425F-977E-65AC839797CF}.Release|Any CPU.ActiveCfg = Release|Any CPU
		{9768C00E-B783-425F-977E-65AC839797CF}.Release|Any CPU.Build.0 = Release|Any CPU
	EndGlobalSection
	GlobalSection(SolutionProperties) = preSolution
		HideSolutionNode = FALSE
	EndGlobalSection
	GlobalSection(ExtensibilityGlobals) = postSolution
		SolutionGuid = {D5AAFC3F-60B1-42BB-82C7-44B90490A6C7}
	EndGlobalSection
EndGlobal
